
Microsoft Visual Studio Solution File, Format Version 12.00
# Visual Studio Version 17
VisualStudioVersion = 17.14.37203.1
MinimumVisualStudioVersion = 10.0.40219.1
Project("{FAE04EC0-301F-11D3-BF4B-00C04F79EFBC}") = "IMS.WEB", "IMS.ThreeTier\IMS.WEB.csproj", "{FAFE5D1C-3097-4B7C-887D-4EF4623ED5A9}"
	ProjectSection(ProjectDependencies) = postProject
		{4AEAA6F8-4318-404D-BED8-C5647546E3CD} = {4AEAA6F8-4318-404D-BED8-C5647546E3CD}
		{FA1DEBF1-A04E-49EC-8FBC-AE5A888D57A5} = {FA1DEBF1-A04E-49EC-8FBC-AE5A888D57A5}
	EndProjectSection
EndProject
Project("{FAE04EC0-301F-11D3-BF4B-00C04F79EFBC}") = "IMS.BIL", "IMS.BIL\IMS.BIL.csproj", "{4AEAA6F8-4318-404D-BED8-C5647546E3CD}"
	ProjectSection(ProjectDependencies) = postProject
		{B1114EE7-F9D8-456A-9FE2-D7BCD8E7A43B} = {B1114EE7-F9D8-456A-9FE2-D7BCD8E7A43B}
		{FA1DEBF1-A04E-49EC-8FBC-AE5A888D57A5} = {FA1DEBF1-A04E-49EC-8FBC-AE5A888D57A5}
	EndProjectSection
EndProject
Project("{FAE04EC0-301F-11D3-BF4B-00C04F79EFBC}") = "IMS.DAL", "IMS.DAL\IMS.DAL.csproj", "{FA1DEBF1-A04E-49EC-8FBC-AE5A888D57A5}"
	ProjectSection(ProjectDependencies) = postProject
		{B1114EE7-F9D8-456A-9FE2-D7BCD8E7A43B} = {B1114EE7-F9D8-456A-9FE2-D7BCD8E7A43B}
	EndProjectSection
EndProject
Project("{FAE04EC0-301F-11D3-BF4B-00C04F79EFBC}") = "IMS.Models", "IMS.Models\IMS.Models.csproj", "{B1114EE7-F9D8-456A-9FE2-D7BCD8E7A43B}"
EndProject
Global
	GlobalSection(SolutionConfigurationPlatforms) = preSolution
		Debug|Any CPU = Debug|Any CPU
		Release|Any CPU = Release|Any CPU
	EndGlobalSection
	GlobalSection(ProjectConfigurationPlatforms) = postSolution
		{FAFE5D1C-3097-4B7C-887D-4EF4623ED5A9}.Debug|Any CPU.ActiveCfg = Debug|Any CPU
		{FAFE5D1C-3097-4B7C-887D-4EF4623ED5A9}.Debug|Any CPU.Build.0 = Debug|Any CPU
		{FAFE5D1C-3097-4B7C-887D-4EF4623ED5A9}.Release|Any CPU.ActiveCfg = Release|Any CPU
		{FAFE5D1C-3097-4B7C-887D-4EF4623ED5A9}.Release|Any CPU.Build.0 = Release|Any CPU
		{4AEAA6F8-4318-404D-BED8-C5647546E3CD}.Debug|Any CPU.ActiveCfg = Debug|Any CPU
		{4AEAA6F8-4318-404D-BED8-C5647546E3CD}.Debug|Any CPU.Build.0 = Debug|Any CPU
		{4AEAA6F8-4318-404D-BED8-C5647546E3CD}.Release|Any CPU.ActiveCfg = Release|Any CPU
		{4AEAA6F8-4318-404D-BED8-C5647546E3CD}.Release|Any CPU.Build.0 = Release|Any CPU
		{FA1DEBF1-A04E-49EC-8FBC-AE5A888D57A5}.Debug|Any CPU.ActiveCfg = Debug|Any CPU
		{FA1DEBF1-A04E-49EC-8FBC-AE5A888D57A5}.Debug|Any CPU.Build.0 = Debug|Any CPU
		{FA1DEBF1-A04E-49EC-8FBC-AE5A888D57A5}.Release|Any CPU.ActiveCfg = Release|Any CPU
		{FA1DEBF1-A04E-49EC-8FBC-AE5A888D57A5}.Release|Any CPU.Build.0 = Release|Any CPU
		{B1114EE7-F9D8-456A-9FE2-D7BCD8E7A43B}.Debug|Any CPU.ActiveCfg = Debug|Any CPU
		{B1114EE7-F9D8-456A-9FE2-D7BCD8E7A43B}.Debug|Any CPU.Build.0 = Debug|Any CPU
		{B1114EE7-F9D8-456A-9FE2-D7BCD8E7A43B}.Release|Any CPU.ActiveCfg = Release|Any CPU
		{B1114EE7-F9D8-456A-9FE2-D7BCD8E7A43B}.Release|Any CPU.Build.0 = Release|Any CPU
	EndGlobalSection
	GlobalSection(SolutionProperties) = preSolution
		HideSolutionNode = FALSE
	EndGlobalSection
	GlobalSection(ExtensibilityGlobals) = postSolution
		SolutionGuid = {5A61B969-726E-451C-9DB5-A7C79C540E1C}
	EndGlobalSection
EndGlobal
